
Microsoft Visual Studio Solution File, Format Version 12.00
# Visual Studio Version 16
VisualStudioVersion = 16.0.31025.194
MinimumVisualStudioVersion = 10.0.40219.1
Project("{FAE04EC0-301F-11D3-BF4B-00C04F79EFBC}") = "MicroSoft_TcpListener", "MicroSoft_TcpListener\MicroSoft_TcpListener.csproj", "{9DC39F4D-0688-415B-A973-B104FEA2C616}"
EndProject
Global
	GlobalSection(SolutionConfigurationPlatforms) = preSolution
		Debug|Any CPU = Debug|Any CPU
		Release|Any CPU = Release|Any CPU
	EndGlobalSection
	GlobalSection(ProjectConfigurationPlatforms) = postSolution
		{9DC39F4D-0688-415B-A973-B104FEA2C616}.Debug|Any CPU.ActiveCfg = Debug|Any CPU
		{9DC39F4D-0688-415B-A973-B104FEA2C616}.Debug|Any CPU.Build.0 = Debug|Any CPU
		{9DC39F4D-0688-415B-A973-B104FEA2C616}.Release|Any CPU.ActiveCfg = Release|Any CPU
		{9DC39F4D-0688-415B-A973-B104FEA2C616}.Release|Any CPU.Build.0 = Release|Any CPU
	EndGlobalSection
	GlobalSection(SolutionProperties) = preSolution
		HideSolutionNode = FALSE
	EndGlobalSection
	GlobalSection(ExtensibilityGlobals) = postSolution
		SolutionGuid = {8D3BD322-F7A4-4A9F-8438-F2888F3C0784}
	EndGlobalSection
EndGlobal
